
Microsoft Visual Studio Solution File, Format Version 11.00
# Visual Studio 2010
Project("{FAE04EC0-301F-11D3-BF4B-00C04F79EFBC}") = "Assembly-CSharp-firstpass", "Assembly-CSharp-firstpass.csproj", "{83E0F337-4E8D-A88C-8F22-7BA3221F6090}"
EndProject
Project("{FAE04EC0-301F-11D3-BF4B-00C04F79EFBC}") = "Assembly-CSharp", "Assembly-CSharp.csproj", "{2AF041BE-0560-D7AE-1B1B-B382D0A74509}"
EndProject
Project("{FAE04EC0-301F-11D3-BF4B-00C04F79EFBC}") = "Assembly-CSharp-Editor-firstpass", "Assembly-CSharp-Editor-firstpass.csproj", "{150E2562-E09C-06FD-5CA4-51DE83CF4C12}"
EndProject
Global
	GlobalSection(SolutionConfigurationPlatforms) = preSolution
		Debug|Any CPU = Debug|Any CPU
		Release|Any CPU = Release|Any CPU
	EndGlobalSection
	GlobalSection(ProjectConfigurationPlatforms) = postSolution
		{83E0F337-4E8D-A88C-8F22-7BA3221F6090}.Debug|Any CPU.ActiveCfg = Debug|Any CPU
		{83E0F337-4E8D-A88C-8F22-7BA3221F6090}.Debug|Any CPU.Build.0 = Debug|Any CPU
		{83E0F337-4E8D-A88C-8F22-7BA3221F6090}.Release|Any CPU.ActiveCfg = Release|Any CPU
		{83E0F337-4E8D-A88C-8F22-7BA3221F6090}.Release|Any CPU.Build.0 = Release|Any CPU
		{2AF041BE-0560-D7AE-1B1B-B382D0A74509}.Debug|Any CPU.ActiveCfg = Debug|Any CPU
		{2AF041BE-0560-D7AE-1B1B-B382D0A74509}.Debug|Any CPU.Build.0 = Debug|Any CPU
		{2AF041BE-0560-D7AE-1B1B-B382D0A74509}.Release|Any CPU.ActiveCfg = Release|Any CPU
		{2AF041BE-0560-D7AE-1B1B-B382D0A74509}.Release|Any CPU.Build.0 = Release|Any CPU
		{150E2562-E09C-06FD-5CA4-51DE83CF4C12}.Debug|Any CPU.ActiveCfg = Debug|Any CPU
		{150E2562-E09C-06FD-5CA4-51DE83CF4C12}.Debug|Any CPU.Build.0 = Debug|Any CPU
		{150E2562-E09C-06FD-5CA4-51DE83CF4C12}.Release|Any CPU.ActiveCfg = Release|Any CPU
		{150E2562-E09C-06FD-5CA4-51DE83CF4C12}.Release|Any CPU.Build.0 = Release|Any CPU
	EndGlobalSection
	GlobalSection(SolutionProperties) = preSolution
		HideSolutionNode = FALSE
	EndGlobalSection
	GlobalSection(MonoDevelopProperties) = preSolution
		StartupItem = Assembly-CSharp.csproj
	EndGlobalSection
EndGlobal
